
Microsoft Visual Studio Solution File, Format Version 12.00
# Visual Studio 15
Project("{FAE04EC0-301F-11D3-BF4B-00C04F79EFBC}") = "Assembly-CSharp", "Assembly-CSharp.csproj", "{9B6E733D-1655-DA29-833B-F90E02A06969}"
EndProject
Project("{FAE04EC0-301F-11D3-BF4B-00C04F79EFBC}") = "Assembly-CSharp-Editor", "Assembly-CSharp-Editor.csproj", "{ED022C42-077C-5943-A41F-83C0CDE47F4E}"
EndProject
Global
	GlobalSection(SolutionConfigurationPlatforms) = preSolution
		Debug|Any CPU = Debug|Any CPU
		Release|Any CPU = Release|Any CPU
	EndGlobalSection
	GlobalSection(ProjectConfigurationPlatforms) = postSolution
		{9B6E733D-1655-DA29-833B-F90E02A06969}.Debug|Any CPU.ActiveCfg = Debug|Any CPU
		{9B6E733D-1655-DA29-833B-F90E02A06969}.Debug|Any CPU.Build.0 = Debug|Any CPU
		{9B6E733D-1655-DA29-833B-F90E02A06969}.Release|Any CPU.ActiveCfg = Release|Any CPU
		{9B6E733D-1655-DA29-833B-F90E02A06969}.Release|Any CPU.Build.0 = Release|Any CPU
		{ED022C42-077C-5943-A41F-83C0CDE47F4E}.Debug|Any CPU.ActiveCfg = Debug|Any CPU
		{ED022C42-077C-5943-A41F-83C0CDE47F4E}.Debug|Any CPU.Build.0 = Debug|Any CPU
		{ED022C42-077C-5943-A41F-83C0CDE47F4E}.Release|Any CPU.ActiveCfg = Release|Any CPU
		{ED022C42-077C-5943-A41F-83C0CDE47F4E}.Release|Any CPU.Build.0 = Release|Any CPU
	EndGlobalSection
	GlobalSection(SolutionProperties) = preSolution
		HideSolutionNode = FALSE
	EndGlobalSection
EndGlobal
